// !$*UTF8*$!
{
	archiveVersion = 1;
	classes = {
	};
	objectVersion = 55;
	objects = {

/* Begin PBXBuildFile section */
		CED4E3F527EA8EFC0060BF73 /* AppDelegate.swift in Sources */ = {isa = PBXBuildFile; fileRef = CED4E3F427EA8EFC0060BF73 /* AppDelegate.swift */; };
		CED4E3F727EA8EFC0060BF73 /* SceneDelegate.swift in Sources */ = {isa = PBXBuildFile; fileRef = CED4E3F627EA8EFC0060BF73 /* SceneDelegate.swift */; };
		CED4E3F927EA8EFC0060BF73 /* ViewController.swift in Sources */ = {isa = PBXBuildFile; fileRef = CED4E3F827EA8EFC0060BF73 /* ViewController.swift */; };
		CED4E3FC27EA8EFC0060BF73 /* Main.storyboard in Resources */ = {isa = PBXBuildFile; fileRef = CED4E3FA27EA8EFC0060BF73 /* Main.storyboard */; };
		CED4E3FF27EA8EFD0060BF73 /* ArtBook.xcdatamodeld in Sources */ = {isa = PBXBuildFile; fileRef = CED4E3FD27EA8EFC0060BF73 /* ArtBook.xcdatamodeld */; };
		CED4E40127EA8EFE0060BF73 /* Assets.xcassets in Resources */ = {isa = PBXBuildFile; fileRef = CED4E40027EA8EFE0060BF73 /* Assets.xcassets */; };
		CED4E40427EA8EFE0060BF73 /* LaunchScreen.storyboard in Resources */ = {isa = PBXBuildFile; fileRef = CED4E40227EA8EFE0060BF73 /* LaunchScreen.storyboard */; };
		CED4E40C27EA90FC0060BF73 /* DetailsVC.swift in Sources */ = {isa = PBXBuildFile; fileRef = CED4E40B27EA90FC0060BF73 /* DetailsVC.swift */; };
/* End PBXBuildFile section */

/* Begin PBXFileReference section */
		CED4E3F127EA8EFC0060BF73 /* ArtBook.app */ = {isa = PBXFileReference; explicitFileType = wrapper.application; includeInIndex = 0; path = ArtBook.app; sourceTree = BUILT_PRODUCTS_DIR; };
		CED4E3F427EA8EFC0060BF73 /* AppDelegate.swift */ = {isa = PBXFileReference; lastKnownFileType = sourcecode.swift; path = AppDelegate.swift; sourceTree = "<group>"; };
		CED4E3F627EA8EFC0060BF73 /* SceneDelegate.swift */ = {isa = PBXFileReference; lastKnownFileType = sourcecode.swift; path = SceneDelegate.swift; sourceTree = "<group>"; };
		CED4E3F827EA8EFC0060BF73 /* ViewController.swift */ = {isa = PBXFileReference; lastKnownFileType = sourcecode.swift; path = ViewController.swift; sourceTree = "<group>"; };
		CED4E3FB27EA8EFC0060BF73 /* Base */ = {isa = PBXFileReference; lastKnownFileType = file.storyboard; name = Base; path = Base.lproj/Main.storyboard; sourceTree = "<group>"; };
		CED4E3FE27EA8EFC0060BF73 /* ArtBook.xcdatamodel */ = {isa = PBXFileReference; lastKnownFileType = wrapper.xcdatamodel; path = ArtBook.xcdatamodel; sourceTree = "<group>"; };
		CED4E40027EA8EFE0060BF73 /* Assets.xcassets */ = {isa = PBXFileReference; lastKnownFileType = folder.assetcatalog; path = Assets.xcassets; sourceTree = "<group>"; };
		CED4E40327EA8EFE0060BF73 /* Base */ = {isa = PBXFileReference; lastKnownFileType = file.storyboard; name = Base; path = Base.lproj/LaunchScreen.storyboard; sourceTree = "<group>"; };
		CED4E40527EA8EFE0060BF73 /* Info.plist */ = {isa = PBXFileReference; lastKnownFileType = text.plist.xml; path = Info.plist; sourceTree = "<group>"; };
		CED4E40B27EA90FC0060BF73 /* DetailsVC.swift */ = {isa = PBXFileReference; lastKnownFileType = sourcecode.swift; path = DetailsVC.swift; sourceTree = "<group>"; };
/* End PBXFileReference section */

/* Begin PBXFrameworksBuildPhase section */
		CED4E3EE27EA8EFC0060BF73 /* Frameworks */ = {
			isa = PBXFrameworksBuildPhase;
			buildActionMask = 2147483647;
			files = (
			);
			runOnlyForDeploymentPostprocessing = 0;
		};
/* End PBXFrameworksBuildPhase section */

/* Begin PBXGroup section */
		CED4E3E827EA8EFC0060BF73 = {
			isa = PBXGroup;
			children = (
				CED4E3F327EA8EFC0060BF73 /* ArtBook */,
				CED4E3F227EA8EFC0060BF73 /* Products */,
			);
			sourceTree = "<group>";
		};
		CED4E3F227EA8EFC0060BF73 /* Products */ = {
			isa = PBXGroup;
			children = (
				CED4E3F127EA8EFC0060BF73 /* ArtBook.app */,
			);
			name = Products;
			sourceTree = "<group>";
		};
		CED4E3F327EA8EFC0060BF73 /* ArtBook */ = {
			isa = PBXGroup;
			children = (
				CED4E3F427EA8EFC0060BF73 /* AppDelegate.swift */,
				CED4E3F627EA8EFC0060BF73 /* SceneDelegate.swift */,
				CED4E3F827EA8EFC0060BF73 /* ViewController.swift */,
				CED4E40B27EA90FC0060BF73 /* DetailsVC.swift */,
				CED4E3FA27EA8EFC0060BF73 /* Main.storyboard */,
				CED4E40027EA8EFE0060BF73 /* Assets.xcassets */,
				CED4E40227EA8EFE0060BF73 /* LaunchScreen.storyboard */,
				CED4E40527EA8EFE0060BF73 /* Info.plist */,
				CED4E3FD27EA8EFC0060BF73 /* ArtBook.xcdatamodeld */,
			);
			path = ArtBook;
			sourceTree = "<group>";
		};
/* End PBXGroup section */

/* Begin PBXNativeTarget section */
		CED4E3F027EA8EFC0060BF73 /* ArtBook */ = {
			isa = PBXNativeTarget;
			buildConfigurationList = CED4E40827EA8EFE0060BF73 /* Build configuration list for PBXNativeTarget "ArtBook" */;
			buildPhases = (
				CED4E3ED27EA8EFC0060BF73 /* Sources */,
				CED4E3EE27EA8EFC0060BF73 /* Frameworks */,
				CED4E3EF27EA8EFC0060BF73 /* Resources */,
			);
			buildRules = (
			);
			dependencies = (
			);
			name = ArtBook;
			productName = ArtBook;
			productReference = CED4E3F127EA8EFC0060BF73 /* ArtBook.app */;
			productType = "com.apple.product-type.application";
		};
/* End PBXNativeTarget section */

/* Begin PBXProject section */
		CED4E3E927EA8EFC0060BF73 /* Project object */ = {
			isa = PBXProject;
			attributes = {
				BuildIndependentTargetsInParallel = 1;
				LastSwiftUpdateCheck = 1320;
				LastUpgradeCheck = 1320;
				TargetAttributes = {
					CED4E3F027EA8EFC0060BF73 = {
						CreatedOnToolsVersion = 13.2.1;
					};
				};
			};
			buildConfigurationList = CED4E3EC27EA8EFC0060BF73 /* Build configuration list for PBXProject "ArtBook" */;
			compatibilityVersion = "Xcode 13.0";
			developmentRegion = en;
			hasScannedForEncodings = 0;
			knownRegions = (
				en,
				Base,
			);
			mainGroup = CED4E3E827EA8EFC0060BF73;
			productRefGroup = CED4E3F227EA8EFC0060BF73 /* Products */;
			projectDirPath = "";
			projectRoot = "";
			targets = (
				CED4E3F027EA8EFC0060BF73 /* ArtBook */,
			);
		};
/* End PBXProject section */

/* Begin PBXResourcesBuildPhase section */
		CED4E3EF27EA8EFC0060BF73 /* Resources */ = {
			isa = PBXResourcesBuildPhase;
			buildActionMask = 2147483647;
			files = (
				CED4E40427EA8EFE0060BF73 /* LaunchScreen.storyboard in Resources */,
				CED4E40127EA8EFE0060BF73 /* Assets.xcassets in Resources */,
				CED4E3FC27EA8EFC0060BF73 /* Main.storyboard in Resources */,
			);
			runOnlyForDeploymentPostprocessing = 0;
		};
/* End PBXResourcesBuildPhase section */

/* Begin PBXSourcesBuildPhase section */
		CED4E3ED27EA8EFC0060BF73 /* Sources */ = {
			isa = PBXSourcesBuildPhase;
			buildActionMask = 2147483647;
			files = (
				CED4E3F927EA8EFC0060BF73 /* ViewController.swift in Sources */,
				CED4E3F527EA8EFC0060BF73 /* AppDelegate.swift in Sources */,
				CED4E3FF27EA8EFD0060BF73 /* ArtBook.xcdatamodeld in Sources */,
				CED4E3F727EA8EFC0060BF73 /* SceneDelegate.swift in Sources */,
				CED4E40C27EA90FC0060BF73 /* DetailsVC.swift in Sources */,
			);
			runOnlyForDeploymentPostprocessing = 0;
		};
/* End PBXSourcesBuildPhase section */

/* Begin PBXVariantGroup section */
		CED4E3FA27EA8EFC0060BF73 /* Main.storyboard */ = {
			isa = PBXVariantGroup;
			children = (
				CED4E3FB27EA8EFC0060BF73 /* Base */,
			);
			name = Main.storyboard;
			sourceTree = "<group>";
		};
		CED4E40227EA8EFE0060BF73 /* LaunchScreen.storyboard */ = {
			isa = PBXVariantGroup;
			children = (
				CED4E40327EA8EFE0060BF73 /* Base */,
			);
			name = LaunchScreen.storyboard;
			sourceTree = "<group>";
		};
/* End PBXVariantGroup section */

/* Begin XCBuildConfiguration section */
		CED4E40627EA8EFE0060BF73 /* Debug */ = {
			isa = XCBuildConfiguration;
			buildSettings = {
				ALWAYS_SEARCH_USER_PATHS = NO;
				CLANG_ANALYZER_NONNULL = YES;
				CLANG_ANALYZER_NUMBER_OBJECT_CONVERSION = YES_AGGRESSIVE;
				CLANG_CXX_LANGUAGE_STANDARD = "gnu++17";
				CLANG_CXX_LIBRARY = "libc++";
				CLANG_ENABLE_MODULES = YES;
				CLANG_ENABLE_OBJC_ARC = YES;
				CLANG_ENABLE_OBJC_WEAK = YES;
				CLANG_WARN_BLOCK_CAPTURE_AUTORELEASING = YES;
				CLANG_WARN_BOOL_CONVERSION = YES;
				CLANG_WARN_COMMA = YES;
				CLANG_WARN_CONSTANT_CONVERSION = YES;
				CLANG_WARN_DEPRECATED_OBJC_IMPLEMENTATIONS = YES;
				CLANG_WARN_DIRECT_OBJC_ISA_USAGE = YES_ERROR;
				CLANG_WARN_DOCUMENTATION_COMMENTS = YES;
				CLANG_WARN_EMPTY_BODY = YES;
				CLANG_WARN_ENUM_CONVERSION = YES;
				CLANG_WARN_INFINITE_RECURSION = YES;
				CLANG_WARN_INT_CONVERSION = YES;
				CLANG_WARN_NON_LITERAL_NULL_CONVERSION = YES;
				CLANG_WARN_OBJC_IMPLICIT_RETAIN_SELF = YES;
				CLANG_WARN_OBJC_LITERAL_CONVERSION = YES;
				CLANG_WARN_OBJC_ROOT_CLASS = YES_ERROR;
				CLANG_WARN_QUOTED_INCLUDE_IN_FRAMEWORK_HEADER = YES;
				CLANG_WARN_RANGE_LOOP_ANALYSIS = YES;
				CLANG_WARN_STRICT_PROTOTYPES = YES;
				CLANG_WARN_SUSPICIOUS_MOVE = YES;
				CLANG_WARN_UNGUARDED_AVAILABILITY = YES_AGGRESSIVE;
				CLANG_WARN_UNREACHABLE_CODE = YES;
				CLANG_WARN__DUPLICATE_METHOD_MATCH = YES;
				COPY_PHASE_STRIP = NO;
				DEBUG_INFORMATION_FORMAT = dwarf;
				ENABLE_STRICT_OBJC_MSGSEND = YES;
				ENABLE_TESTABILITY = YES;
				GCC_C_LANGUAGE_STANDARD = gnu11;
				GCC_DYNAMIC_NO_PIC = NO;
				GCC_NO_COMMON_BLOCKS = YES;
				GCC_OPTIMIZATION_LEVEL = 0;
				GCC_PREPROCESSOR_DEFINITIONS = (
					"DEBUG=1",
					"$(inherited)",
				);
				GCC_WARN_64_TO_32_BIT_CONVERSION = YES;
				GCC_WARN_ABOUT_RETURN_TYPE = YES_ERROR;
				GCC_WARN_UNDECLARED_SELECTOR = YES;
				GCC_WARN_UNINITIALIZED_AUTOS = YES_AGGRESSIVE;
				GCC_WARN_UNUSED_FUNCTION = YES;
				GCC_WARN_UNUSED_VARIABLE = YES;
				IPHONEOS_DEPLOYMENT_TARGET = 15.2;
				MTL_ENABLE_DEBUG_INFO = INCLUDE_SOURCE;
				MTL_FAST_MATH = YES;
				ONLY_ACTIVE_ARCH = YES;
				SDKROOT = iphoneos;
				SWIFT_ACTIVE_COMPILATION_CONDITIONS = DEBUG;
				SWIFT_OPTIMIZATION_LEVEL = "-Onone";
			};
			name = Debug;
		};
		CED4E40727EA8EFE0060BF73 /* Release */ = {
			isa = XCBuildConfiguration;
			buildSettings = {
				ALWAYS_SEARCH_USER_PATHS = NO;
				CLANG_ANALYZER_NONNULL = YES;
				CLANG_ANALYZER_NUMBER_OBJECT_CONVERSION = YES_AGGRESSIVE;
				CLANG_CXX_LANGUAGE_STANDARD = "gnu++17";
				CLANG_CXX_LIBRARY = "libc++";
				CLANG_ENABLE_MODULES = YES;
				CLANG_ENABLE_OBJC_ARC = YES;
				CLANG_ENABLE_OBJC_WEAK = YES;
				CLANG_WARN_BLOCK_CAPTURE_AUTORELEASING = YES;
				CLANG_WARN_BOOL_CONVERSION = YES;
				CLANG_WARN_COMMA = YES;
				CLANG_WARN_CONSTANT_CONVERSION = YES;
				CLANG_WARN_DEPRECATED_OBJC_IMPLEMENTATIONS = YES;
				CLANG_WARN_DIRECT_OBJC_ISA_USAGE = YES_ERROR;
				CLANG_WARN_DOCUMENTATION_COMMENTS = YES;
				CLANG_WARN_EMPTY_BODY = YES;
				CLANG_WARN_ENUM_CONVERSION = YES;
				CLANG_WARN_INFINITE_RECURSION = YES;
				CLANG_WARN_INT_CONVERSION = YES;
				CLANG_WARN_NON_LITERAL_NULL_CONVERSION = YES;
				CLANG_WARN_OBJC_IMPLICIT_RETAIN_SELF = YES;
				CLANG_WARN_OBJC_LITERAL_CONVERSION = YES;
				CLANG_WARN_OBJC_ROOT_CLASS = YES_ERROR;
				CLANG_WARN_QUOTED_INCLUDE_IN_FRAMEWORK_HEADER = YES;
				CLANG_WARN_RANGE_LOOP_ANALYSIS = YES;
				CLANG_WARN_STRICT_PROTOTYPES = YES;
				CLANG_WARN_SUSPICIOUS_MOVE = YES;
				CLANG_WARN_UNGUARDED_AVAILABILITY = YES_AGGRESSIVE;
				CLANG_WARN_UNREACHABLE_CODE = YES;
				CLANG_WARN__DUPLICATE_METHOD_MATCH = YES;
				COPY_PHASE_STRIP = NO;
				DEBUG_INFORMATION_FORMAT = "dwarf-with-dsym";
				ENABLE_NS_ASSERTIONS = NO;
				ENABLE_STRICT_OBJC_MSGSEND = YES;
				GCC_C_LANGUAGE_STANDARD = gnu11;
				GCC_NO_COMMON_BLOCKS = YES;
				GCC_WARN_64_TO_32_BIT_CONVERSION = YES;
				GCC_WARN_ABOUT_RETURN_TYPE = YES_ERROR;
				GCC_WARN_UNDECLARED_SELECTOR = YES;
				GCC_WARN_UNINITIALIZED_AUTOS = YES_AGGRESSIVE;
				GCC_WARN_UNUSED_FUNCTION = YES;
				GCC_WARN_UNUSED_VARIABLE = YES;
				IPHONEOS_DEPLOYMENT_TARGET = 15.2;
				MTL_ENABLE_DEBUG_INFO = NO;
				MTL_FAST_MATH = YES;
				SDKROOT = iphoneos;
				SWIFT_COMPILATION_MODE = wholemodule;
				SWIFT_OPTIMIZATION_LEVEL = "-O";
				VALIDATE_PRODUCT = YES;
			};
			name = Release;
		};
		CED4E40927EA8EFE0060BF73 /* Debug */ = {
			isa = XCBuildConfiguration;
			buildSettings = {
				ASSETCATALOG_COMPILER_APPICON_NAME = AppIcon;
				ASSETCATALOG_COMPILER_GLOBAL_ACCENT_COLOR_NAME = AccentColor;
				CODE_SIGN_STYLE = Automatic;
				CURRENT_PROJECT_VERSION = 1;
				DEVELOPMENT_TEAM = L3FSH6376S;
				GENERATE_INFOPLIST_FILE = YES;
				INFOPLIST_FILE = ArtBook/Info.plist;
				INFOPLIST_KEY_UIApplicationSupportsIndirectInputEvents = YES;
				INFOPLIST_KEY_UILaunchStoryboardName = LaunchScreen;
				INFOPLIST_KEY_UIMainStoryboardFile = Main;
				INFOPLIST_KEY_UISupportedInterfaceOrientations_iPad = "UIInterfaceOrientationPortrait UIInterfaceOrientationPortraitUpsideDown UIInterfaceOrientationLandscapeLeft UIInterfaceOrientationLandscapeRight";
				INFOPLIST_KEY_UISupportedInterfaceOrientations_iPhone = "UIInterfaceOrientationPortrait UIInterfaceOrientationLandscapeLeft UIInterfaceOrientationLandscapeRight";
				LD_RUNPATH_SEARCH_PATHS = (
					"$(inherited)",
					"@executable_path/Frameworks",
				);
				MARKETING_VERSION = 1.0;
				PRODUCT_BUNDLE_IDENTIFIER = com.berkayyaman.ArtBook;
				PRODUCT_NAME = "$(TARGET_NAME)";
				SWIFT_EMIT_LOC_STRINGS = YES;
				SWIFT_VERSION = 5.0;
				TARGETED_DEVICE_FAMILY = "1,2";
			};
			name = Debug;
		};
		CED4E40A27EA8EFE0060BF73 /* Release */ = {
			isa = XCBuildConfiguration;
			buildSettings = {
				ASSETCATALOG_COMPILER_APPICON_NAME = AppIcon;
				ASSETCATALOG_COMPILER_GLOBAL_ACCENT_COLOR_NAME = AccentColor;
				CODE_SIGN_STYLE = Automatic;
				CURRENT_PROJECT_VERSION = 1;
				DEVELOPMENT_TEAM = L3FSH6376S;
				GENERATE_INFOPLIST_FILE = YES;
				INFOPLIST_FILE = ArtBook/Info.plist;
				INFOPLIST_KEY_UIApplicationSupportsIndirectInputEvents = YES;
				INFOPLIST_KEY_UILaunchStoryboardName = LaunchScreen;
				INFOPLIST_KEY_UIMainStoryboardFile = Main;
				INFOPLIST_KEY_UISupportedInterfaceOrientations_iPad = "UIInterfaceOrientationPortrait UIInterfaceOrientationPortraitUpsideDown UIInterfaceOrientationLandscapeLeft UIInterfaceOrientationLandscapeRight";
				INFOPLIST_KEY_UISupportedInterfaceOrientations_iPhone = "UIInterfaceOrientationPortrait UIInterfaceOrientationLandscapeLeft UIInterfaceOrientationLandscapeRight";
				LD_RUNPATH_SEARCH_PATHS = (
					"$(inherited)",
					"@executable_path/Frameworks",
				);
				MARKETING_VERSION = 1.0;
				PRODUCT_BUNDLE_IDENTIFIER = com.berkayyaman.ArtBook;
				PRODUCT_NAME = "$(TARGET_NAME)";
				SWIFT_EMIT_LOC_STRINGS = YES;
				SWIFT_VERSION = 5.0;
				TARGETED_DEVICE_FAMILY = "1,2";
			};
			name = Release;
		};
/* End XCBuildConfiguration section */

/* Begin XCConfigurationList section */
		CED4E3EC27EA8EFC0060BF73 /* Build configuration list for PBXProject "ArtBook" */ = {
			isa = XCConfigurationList;
			buildConfigurations = (
				CED4E40627EA8EFE0060BF73 /* Debug */,
				CED4E40727EA8EFE0060BF73 /* Release */,
			);
			defaultConfigurationIsVisible = 0;
			defaultConfigurationName = Release;
		};
		CED4E40827EA8EFE0060BF73 /* Build configuration list for PBXNativeTarget "ArtBook" */ = {
			isa = XCConfigurationList;
			buildConfigurations = (
				CED4E40927EA8EFE0060BF73 /* Debug */,
				CED4E40A27EA8EFE0060BF73 /* Release */,
			);
			defaultConfigurationIsVisible = 0;
			defaultConfigurationName = Release;
		};
/* End XCConfigurationList section */

/* Begin XCVersionGroup section */
		CED4E3FD27EA8EFC0060BF73 /* ArtBook.xcdatamodeld */ = {
			isa = XCVersionGroup;
			children = (
				CED4E3FE27EA8EFC0060BF73 /* ArtBook.xcdatamodel */,
			);
			currentVersion = CED4E3FE27EA8EFC0060BF73 /* ArtBook.xcdatamodel */;
			path = ArtBook.xcdatamodeld;
			sourceTree = "<group>";
			versionGroupType = wrapper.xcdatamodel;
		};
/* End XCVersionGroup section */
	};
	rootObject = CED4E3E927EA8EFC0060BF73 /* Project object */;
}
